{
  "name": "test-npm-package",
  "version": "1.0.0",
  "lockfileVersion": 3,
  "requires": true,
  "packages": {
    "": {
      "name": "test-npm-package",
      "version": "1.0.0",
      "license": "ISC",
      "dependencies": {
        "@ghufran2508/npm-packages-practice": "2.1.0"
      }
    },
    "node_modules/@ghufran2508/npm-packages-practice": {
      "version": "2.1.0",
      "resolved": "https://npm.pkg.github.com/download/@ghufran2508/npm-packages-practice/2.1.0/dc87b6231126c6f916de26952778f2f94bcd0756",
      "integrity": "sha512-KrOUGo2hqm/Q3UENPS2HFhG5dyZkhX/GbysTQwjmJIDLC8hQoARPCLCcEkZygYfalmbq5qRDsVwQXPn2ZddbAw==",
      "license": "ISC"
    }
  }
}
